
Microsoft Visual Studio Solution File, Format Version 12.00
# Visual Studio 15
VisualStudioVersion = 15.0.28307.572
MinimumVisualStudioVersion = 10.0.40219.1
Project("{FAE04EC0-301F-11D3-BF4B-00C04F79EFBC}") = "RisLab4Client", "RisLab4Client\RisLab4Client.csproj", "{70DB6E09-6AFE-4BD4-BC8E-90C9621E86CE}"
EndProject
Global
	GlobalSection(SolutionConfigurationPlatforms) = preSolution
		Debug|Any CPU = Debug|Any CPU
		Release|Any CPU = Release|Any CPU
	EndGlobalSection
	GlobalSection(ProjectConfigurationPlatforms) = postSolution
		{70DB6E09-6AFE-4BD4-BC8E-90C9621E86CE}.Debug|Any CPU.ActiveCfg = Debug|Any CPU
		{70DB6E09-6AFE-4BD4-BC8E-90C9621E86CE}.Debug|Any CPU.Build.0 = Debug|Any CPU
		{70DB6E09-6AFE-4BD4-BC8E-90C9621E86CE}.Release|Any CPU.ActiveCfg = Release|Any CPU
		{70DB6E09-6AFE-4BD4-BC8E-90C9621E86CE}.Release|Any CPU.Build.0 = Release|Any CPU
	EndGlobalSection
	GlobalSection(SolutionProperties) = preSolution
		HideSolutionNode = FALSE
	EndGlobalSection
	GlobalSection(ExtensibilityGlobals) = postSolution
		SolutionGuid = {3E22D75D-F44C-486A-84B0-71F52786236F}
	EndGlobalSection
EndGlobal
